
Microsoft Visual Studio Solution File, Format Version 12.00
# Visual Studio Version 16
VisualStudioVersion = 16.0.30320.27
MinimumVisualStudioVersion = 10.0.40219.1
Project("{8BC9CEB8-8B4A-11D0-8D11-00A0C91BC942}") = "PM_C", "PM_C.vcxproj", "{D540E5D3-51FF-46C5-B58A-AFA2CF732211}"
EndProject
Global
	GlobalSection(SolutionConfigurationPlatforms) = preSolution
		Debug|x64 = Debug|x64
		Release|x64 = Release|x64
	EndGlobalSection
	GlobalSection(ProjectConfigurationPlatforms) = postSolution
		{D540E5D3-51FF-46C5-B58A-AFA2CF732211}.Debug|x64.ActiveCfg = Debug|x64
		{D540E5D3-51FF-46C5-B58A-AFA2CF732211}.Debug|x64.Build.0 = Debug|x64
		{D540E5D3-51FF-46C5-B58A-AFA2CF732211}.Release|x64.ActiveCfg = Release|x64
		{D540E5D3-51FF-46C5-B58A-AFA2CF732211}.Release|x64.Build.0 = Release|x64
	EndGlobalSection
	GlobalSection(SolutionProperties) = preSolution
		HideSolutionNode = FALSE
	EndGlobalSection
	GlobalSection(ExtensibilityGlobals) = postSolution
		SolutionGuid = {7585CA04-6CBF-4F26-A1D5-90A6325BEEAA}
	EndGlobalSection
EndGlobal
