<?xml version="1.0" encoding="utf-8"?>
<Project ToolsVersion="4.0" xmlns="http://schemas.microsoft.com/developer/msbuild/2003">
  <ItemGroup>
    <Filter Include="Source Files">
      <UniqueIdentifier>{85221ee8-5063-4125-aa29-8ae65413a630}</UniqueIdentifier>
    </Filter>
    <Filter Include="Header Files">
      <UniqueIdentifier>{b6030205-0017-4177-b0e7-92e1f89159c1}</UniqueIdentifier>
    </Filter>
  </ItemGroup>
</Project>